
Microsoft Visual Studio Solution File, Format Version 12.00
# Visual Studio 2012
Project("{FAE04EC0-301F-11D3-BF4B-00C04F79EFBC}") = "SocketWrapper", "SocketWrapper.csproj", "{4FCEDC66-9B63-4F7E-89FD-5F36CF1FAA26}"
EndProject
Global
	GlobalSection(SolutionConfigurationPlatforms) = preSolution
		Debug|Any CPU = Debug|Any CPU
		Debug|x64 = Debug|x64
		Release|Any CPU = Release|Any CPU
		Release|x64 = Release|x64
	EndGlobalSection
	GlobalSection(ProjectConfigurationPlatforms) = postSolution
		{4FCEDC66-9B63-4F7E-89FD-5F36CF1FAA26}.Debug|Any CPU.ActiveCfg = Debug|Any CPU
		{4FCEDC66-9B63-4F7E-89FD-5F36CF1FAA26}.Debug|Any CPU.Build.0 = Debug|Any CPU
		{4FCEDC66-9B63-4F7E-89FD-5F36CF1FAA26}.Debug|x64.ActiveCfg = Debug|x64
		{4FCEDC66-9B63-4F7E-89FD-5F36CF1FAA26}.Debug|x64.Build.0 = Debug|x64
		{4FCEDC66-9B63-4F7E-89FD-5F36CF1FAA26}.Release|Any CPU.ActiveCfg = Release|Any CPU
		{4FCEDC66-9B63-4F7E-89FD-5F36CF1FAA26}.Release|Any CPU.Build.0 = Release|Any CPU
		{4FCEDC66-9B63-4F7E-89FD-5F36CF1FAA26}.Release|x64.ActiveCfg = Release|x64
		{4FCEDC66-9B63-4F7E-89FD-5F36CF1FAA26}.Release|x64.Build.0 = Release|x64
	EndGlobalSection
	GlobalSection(SolutionProperties) = preSolution
		HideSolutionNode = FALSE
	EndGlobalSection
EndGlobal
